
Microsoft Visual Studio Solution File, Format Version 12.00
# Visual Studio Version 17
VisualStudioVersion = 17.0.31423.177
MinimumVisualStudioVersion = 10.0.40219.1
Project("{9A19103F-16F7-4668-BE54-9A1E7A4F7556}") = "com.github.akovac35.BlazorMergely", "src\com.github.akovac35.BlazorMergely\com.github.akovac35.BlazorMergely.csproj", "{7924F3D6-C589-49A9-972F-6853677CC3D6}"
EndProject
Project("{9A19103F-16F7-4668-BE54-9A1E7A4F7556}") = "BlazorMergelyWebApp", "instance\BlazorMergelyWebApp\BlazorMergelyWebApp.csproj", "{8FA6ED04-1251-4C9D-B014-D2C324C0D36D}"
EndProject
Global
	GlobalSection(SolutionConfigurationPlatforms) = preSolution
		Debug|Any CPU = Debug|Any CPU
		Release|Any CPU = Release|Any CPU
	EndGlobalSection
	GlobalSection(ProjectConfigurationPlatforms) = postSolution
		{7924F3D6-C589-49A9-972F-6853677CC3D6}.Debug|Any CPU.ActiveCfg = Debug|Any CPU
		{7924F3D6-C589-49A9-972F-6853677CC3D6}.Debug|Any CPU.Build.0 = Debug|Any CPU
		{7924F3D6-C589-49A9-972F-6853677CC3D6}.Release|Any CPU.ActiveCfg = Release|Any CPU
		{7924F3D6-C589-49A9-972F-6853677CC3D6}.Release|Any CPU.Build.0 = Release|Any CPU
		{8FA6ED04-1251-4C9D-B014-D2C324C0D36D}.Debug|Any CPU.ActiveCfg = Debug|Any CPU
		{8FA6ED04-1251-4C9D-B014-D2C324C0D36D}.Debug|Any CPU.Build.0 = Debug|Any CPU
		{8FA6ED04-1251-4C9D-B014-D2C324C0D36D}.Release|Any CPU.ActiveCfg = Release|Any CPU
		{8FA6ED04-1251-4C9D-B014-D2C324C0D36D}.Release|Any CPU.Build.0 = Release|Any CPU
	EndGlobalSection
	GlobalSection(SolutionProperties) = preSolution
		HideSolutionNode = FALSE
	EndGlobalSection
	GlobalSection(ExtensibilityGlobals) = postSolution
		SolutionGuid = {245EE167-6CD3-484C-925D-BE7C248A8527}
	EndGlobalSection
EndGlobal
